// !$*UTF8*$!
{
	archiveVersion = 1;
	classes = {
	};
	objectVersion = 56;
	objects = {

/* Begin PBXBuildFile section */
		9DA5F2BD29BA1ADD004A08C0 /* AppDelegate.swift in Sources */ = {isa = PBXBuildFile; fileRef = 9DA5F2BC29BA1ADD004A08C0 /* AppDelegate.swift */; };
		9DA5F2BF29BA1ADD004A08C0 /* SceneDelegate.swift in Sources */ = {isa = PBXBuildFile; fileRef = 9DA5F2BE29BA1ADD004A08C0 /* SceneDelegate.swift */; };
		9DA5F2C129BA1ADD004A08C0 /* ViewController.swift in Sources */ = {isa = PBXBuildFile; fileRef = 9DA5F2C029BA1ADD004A08C0 /* ViewController.swift */; };
		9DA5F2C429BA1ADD004A08C0 /* Main.storyboard in Resources */ = {isa = PBXBuildFile; fileRef = 9DA5F2C229BA1ADD004A08C0 /* Main.storyboard */; };
		9DA5F2C629BA1ADE004A08C0 /* Assets.xcassets in Resources */ = {isa = PBXBuildFile; fileRef = 9DA5F2C529BA1ADE004A08C0 /* Assets.xcassets */; };
		9DA5F2C929BA1ADE004A08C0 /* LaunchScreen.storyboard in Resources */ = {isa = PBXBuildFile; fileRef = 9DA5F2C729BA1ADE004A08C0 /* LaunchScreen.storyboard */; };
		9DA5F2D529BA2001004A08C0 /* Movie.swift in Sources */ = {isa = PBXBuildFile; fileRef = 9DA5F2D429BA2001004A08C0 /* Movie.swift */; };
		9DA5F2D729BA20EF004A08C0 /* Webservice.swift in Sources */ = {isa = PBXBuildFile; fileRef = 9DA5F2D629BA20EF004A08C0 /* Webservice.swift */; };
		9DA5F2D929BA248A004A08C0 /* SearchResult.swift in Sources */ = {isa = PBXBuildFile; fileRef = 9DA5F2D829BA248A004A08C0 /* SearchResult.swift */; };
		9DA5F2DB29BA2930004A08C0 /* SearchViewModel.swift in Sources */ = {isa = PBXBuildFile; fileRef = 9DA5F2DA29BA2930004A08C0 /* SearchViewModel.swift */; };
		9DA5F2DD29BA293F004A08C0 /* DetailViewModel.swift in Sources */ = {isa = PBXBuildFile; fileRef = 9DA5F2DC29BA293F004A08C0 /* DetailViewModel.swift */; };
		9DA5F2DF29BA373D004A08C0 /* MovieTableViewCell.swift in Sources */ = {isa = PBXBuildFile; fileRef = 9DA5F2DE29BA373D004A08C0 /* MovieTableViewCell.swift */; };
/* End PBXBuildFile section */

/* Begin PBXFileReference section */
		0401A1D1C9EF0D65D86A8307 /* Pods-MovieApp.debug.xcconfig */ = {isa = PBXFileReference; includeInIndex = 1; lastKnownFileType = text.xcconfig; name = "Pods-MovieApp.debug.xcconfig"; path = "Target Support Files/Pods-MovieApp/Pods-MovieApp.debug.xcconfig"; sourceTree = "<group>"; };
		9A9A59564A808057FFEFCBDC /* Pods-MovieApp.release.xcconfig */ = {isa = PBXFileReference; includeInIndex = 1; lastKnownFileType = text.xcconfig; name = "Pods-MovieApp.release.xcconfig"; path = "Target Support Files/Pods-MovieApp/Pods-MovieApp.release.xcconfig"; sourceTree = "<group>"; };
		9DA5F2B929BA1ADD004A08C0 /* MovieApp.app */ = {isa = PBXFileReference; explicitFileType = wrapper.application; includeInIndex = 0; path = MovieApp.app; sourceTree = BUILT_PRODUCTS_DIR; };
		9DA5F2BC29BA1ADD004A08C0 /* AppDelegate.swift */ = {isa = PBXFileReference; lastKnownFileType = sourcecode.swift; path = AppDelegate.swift; sourceTree = "<group>"; };
		9DA5F2BE29BA1ADD004A08C0 /* SceneDelegate.swift */ = {isa = PBXFileReference; lastKnownFileType = sourcecode.swift; path = SceneDelegate.swift; sourceTree = "<group>"; };
		9DA5F2C029BA1ADD004A08C0 /* ViewController.swift */ = {isa = PBXFileReference; lastKnownFileType = sourcecode.swift; path = ViewController.swift; sourceTree = "<group>"; };
		9DA5F2C329BA1ADD004A08C0 /* Base */ = {isa = PBXFileReference; lastKnownFileType = file.storyboard; name = Base; path = Base.lproj/Main.storyboard; sourceTree = "<group>"; };
		9DA5F2C529BA1ADE004A08C0 /* Assets.xcassets */ = {isa = PBXFileReference; lastKnownFileType = folder.assetcatalog; path = Assets.xcassets; sourceTree = "<group>"; };
		9DA5F2C829BA1ADE004A08C0 /* Base */ = {isa = PBXFileReference; lastKnownFileType = file.storyboard; name = Base; path = Base.lproj/LaunchScreen.storyboard; sourceTree = "<group>"; };
		9DA5F2CA29BA1ADE004A08C0 /* Info.plist */ = {isa = PBXFileReference; lastKnownFileType = text.plist.xml; path = Info.plist; sourceTree = "<group>"; };
		9DA5F2D429BA2001004A08C0 /* Movie.swift */ = {isa = PBXFileReference; lastKnownFileType = sourcecode.swift; path = Movie.swift; sourceTree = "<group>"; };
		9DA5F2D629BA20EF004A08C0 /* Webservice.swift */ = {isa = PBXFileReference; lastKnownFileType = sourcecode.swift; path = Webservice.swift; sourceTree = "<group>"; };
		9DA5F2D829BA248A004A08C0 /* SearchResult.swift */ = {isa = PBXFileReference; lastKnownFileType = sourcecode.swift; path = SearchResult.swift; sourceTree = "<group>"; };
		9DA5F2DA29BA2930004A08C0 /* SearchViewModel.swift */ = {isa = PBXFileReference; lastKnownFileType = sourcecode.swift; path = SearchViewModel.swift; sourceTree = "<group>"; };
		9DA5F2DC29BA293F004A08C0 /* DetailViewModel.swift */ = {isa = PBXFileReference; lastKnownFileType = sourcecode.swift; path = DetailViewModel.swift; sourceTree = "<group>"; };
		9DA5F2DE29BA373D004A08C0 /* MovieTableViewCell.swift */ = {isa = PBXFileReference; lastKnownFileType = sourcecode.swift; path = MovieTableViewCell.swift; sourceTree = "<group>"; };
/* End PBXFileReference section */

/* Begin PBXFrameworksBuildPhase section */
		9DA5F2B629BA1ADD004A08C0 /* Frameworks */ = {
			isa = PBXFrameworksBuildPhase;
			buildActionMask = 2147483647;
			files = (
			);
			runOnlyForDeploymentPostprocessing = 0;
		};
/* End PBXFrameworksBuildPhase section */

/* Begin PBXGroup section */
		9DA5F2B029BA1ADD004A08C0 = {
			isa = PBXGroup;
			children = (
				9DA5F2BB29BA1ADD004A08C0 /* MovieApp */,
				9DA5F2BA29BA1ADD004A08C0 /* Products */,
				D43A798EAA3B00AC4ED76733 /* Pods */,
				C15B6EA445E5CCAF056DC9A0 /* Frameworks */,
			);
			sourceTree = "<group>";
		};
		9DA5F2BA29BA1ADD004A08C0 /* Products */ = {
			isa = PBXGroup;
			children = (
				9DA5F2B929BA1ADD004A08C0 /* MovieApp.app */,
			);
			name = Products;
			sourceTree = "<group>";
		};
		9DA5F2BB29BA1ADD004A08C0 /* MovieApp */ = {
			isa = PBXGroup;
			children = (
				9DA5F2D329BA1FB7004A08C0 /* Model */,
				9DA5F2D229BA1FA6004A08C0 /* Service */,
				9DA5F2D129BA1F78004A08C0 /* ViewModel */,
				9DA5F2D029BA1C97004A08C0 /* View */,
				9DA5F2C229BA1ADD004A08C0 /* Main.storyboard */,
				9DA5F2C529BA1ADE004A08C0 /* Assets.xcassets */,
				9DA5F2C729BA1ADE004A08C0 /* LaunchScreen.storyboard */,
				9DA5F2CA29BA1ADE004A08C0 /* Info.plist */,
			);
			path = MovieApp;
			sourceTree = "<group>";
		};
		9DA5F2D029BA1C97004A08C0 /* View */ = {
			isa = PBXGroup;
			children = (
				9DA5F2BE29BA1ADD004A08C0 /* SceneDelegate.swift */,
				9DA5F2BC29BA1ADD004A08C0 /* AppDelegate.swift */,
				9DA5F2C029BA1ADD004A08C0 /* ViewController.swift */,
				9DA5F2DE29BA373D004A08C0 /* MovieTableViewCell.swift */,
			);
			path = View;
			sourceTree = "<group>";
		};
		9DA5F2D129BA1F78004A08C0 /* ViewModel */ = {
			isa = PBXGroup;
			children = (
				9DA5F2DA29BA2930004A08C0 /* SearchViewModel.swift */,
				9DA5F2DC29BA293F004A08C0 /* DetailViewModel.swift */,
			);
			path = ViewModel;
			sourceTree = "<group>";
		};
		9DA5F2D229BA1FA6004A08C0 /* Service */ = {
			isa = PBXGroup;
			children = (
				9DA5F2D629BA20EF004A08C0 /* Webservice.swift */,
			);
			path = Service;
			sourceTree = "<group>";
		};
		9DA5F2D329BA1FB7004A08C0 /* Model */ = {
			isa = PBXGroup;
			children = (
				9DA5F2D429BA2001004A08C0 /* Movie.swift */,
				9DA5F2D829BA248A004A08C0 /* SearchResult.swift */,
			);
			path = Model;
			sourceTree = "<group>";
		};
		C15B6EA445E5CCAF056DC9A0 /* Frameworks */ = {
			isa = PBXGroup;
			children = (
			);
			name = Frameworks;
			sourceTree = "<group>";
		};
		D43A798EAA3B00AC4ED76733 /* Pods */ = {
			isa = PBXGroup;
			children = (
				0401A1D1C9EF0D65D86A8307 /* Pods-MovieApp.debug.xcconfig */,
				9A9A59564A808057FFEFCBDC /* Pods-MovieApp.release.xcconfig */,
			);
			path = Pods;
			sourceTree = "<group>";
		};
/* End PBXGroup section */

/* Begin PBXNativeTarget section */
		9DA5F2B829BA1ADD004A08C0 /* MovieApp */ = {
			isa = PBXNativeTarget;
			buildConfigurationList = 9DA5F2CD29BA1ADE004A08C0 /* Build configuration list for PBXNativeTarget "MovieApp" */;
			buildPhases = (
				B409F2372F272EAD817C28B8 /* [CP] Check Pods Manifest.lock */,
				9DA5F2B529BA1ADD004A08C0 /* Sources */,
				9DA5F2B629BA1ADD004A08C0 /* Frameworks */,
				9DA5F2B729BA1ADD004A08C0 /* Resources */,
				A4FCABD262270B49A5519C37 /* [CP] Embed Pods Frameworks */,
			);
			buildRules = (
			);
			dependencies = (
			);
			name = MovieApp;
			productName = MovieApp;
			productReference = 9DA5F2B929BA1ADD004A08C0 /* MovieApp.app */;
			productType = "com.apple.product-type.application";
		};
/* End PBXNativeTarget section */

/* Begin PBXProject section */
		9DA5F2B129BA1ADD004A08C0 /* Project object */ = {
			isa = PBXProject;
			attributes = {
				BuildIndependentTargetsInParallel = 1;
				LastSwiftUpdateCheck = 1420;
				LastUpgradeCheck = 1420;
				TargetAttributes = {
					9DA5F2B829BA1ADD004A08C0 = {
						CreatedOnToolsVersion = 14.2;
					};
				};
			};
			buildConfigurationList = 9DA5F2B429BA1ADD004A08C0 /* Build configuration list for PBXProject "MovieApp" */;
			compatibilityVersion = "Xcode 14.0";
			developmentRegion = en;
			hasScannedForEncodings = 0;
			knownRegions = (
				en,
				Base,
			);
			mainGroup = 9DA5F2B029BA1ADD004A08C0;
			productRefGroup = 9DA5F2BA29BA1ADD004A08C0 /* Products */;
			projectDirPath = "";
			projectRoot = "";
			targets = (
				9DA5F2B829BA1ADD004A08C0 /* MovieApp */,
			);
		};
/* End PBXProject section */

/* Begin PBXResourcesBuildPhase section */
		9DA5F2B729BA1ADD004A08C0 /* Resources */ = {
			isa = PBXResourcesBuildPhase;
			buildActionMask = 2147483647;
			files = (
				9DA5F2C929BA1ADE004A08C0 /* LaunchScreen.storyboard in Resources */,
				9DA5F2C629BA1ADE004A08C0 /* Assets.xcassets in Resources */,
				9DA5F2C429BA1ADD004A08C0 /* Main.storyboard in Resources */,
			);
			runOnlyForDeploymentPostprocessing = 0;
		};
/* End PBXResourcesBuildPhase section */

/* Begin PBXShellScriptBuildPhase section */
		A4FCABD262270B49A5519C37 /* [CP] Embed Pods Frameworks */ = {
			isa = PBXShellScriptBuildPhase;
			buildActionMask = 2147483647;
			files = (
			);
			inputFileListPaths = (
				"${PODS_ROOT}/Target Support Files/Pods-MovieApp/Pods-MovieApp-frameworks-${CONFIGURATION}-input-files.xcfilelist",
			);
			name = "[CP] Embed Pods Frameworks";
			outputFileListPaths = (
				"${PODS_ROOT}/Target Support Files/Pods-MovieApp/Pods-MovieApp-frameworks-${CONFIGURATION}-output-files.xcfilelist",
			);
			runOnlyForDeploymentPostprocessing = 0;
			shellPath = /bin/sh;
			shellScript = "\"${PODS_ROOT}/Target Support Files/Pods-MovieApp/Pods-MovieApp-frameworks.sh\"\n";
			showEnvVarsInLog = 0;
		};
		B409F2372F272EAD817C28B8 /* [CP] Check Pods Manifest.lock */ = {
			isa = PBXShellScriptBuildPhase;
			buildActionMask = 2147483647;
			files = (
			);
			inputFileListPaths = (
			);
			inputPaths = (
				"${PODS_PODFILE_DIR_PATH}/Podfile.lock",
				"${PODS_ROOT}/Manifest.lock",
			);
			name = "[CP] Check Pods Manifest.lock";
			outputFileListPaths = (
			);
			outputPaths = (
				"$(DERIVED_FILE_DIR)/Pods-MovieApp-checkManifestLockResult.txt",
			);
			runOnlyForDeploymentPostprocessing = 0;
			shellPath = /bin/sh;
			shellScript = "diff \"${PODS_PODFILE_DIR_PATH}/Podfile.lock\" \"${PODS_ROOT}/Manifest.lock\" > /dev/null\nif [ $? != 0 ] ; then\n    # print error to STDERR\n    echo \"error: The sandbox is not in sync with the Podfile.lock. Run 'pod install' or update your CocoaPods installation.\" >&2\n    exit 1\nfi\n# This output is used by Xcode 'outputs' to avoid re-running this script phase.\necho \"SUCCESS\" > \"${SCRIPT_OUTPUT_FILE_0}\"\n";
			showEnvVarsInLog = 0;
		};
/* End PBXShellScriptBuildPhase section */

/* Begin PBXSourcesBuildPhase section */
		9DA5F2B529BA1ADD004A08C0 /* Sources */ = {
			isa = PBXSourcesBuildPhase;
			buildActionMask = 2147483647;
			files = (
				9DA5F2C129BA1ADD004A08C0 /* ViewController.swift in Sources */,
				9DA5F2DB29BA2930004A08C0 /* SearchViewModel.swift in Sources */,
				9DA5F2DF29BA373D004A08C0 /* MovieTableViewCell.swift in Sources */,
				9DA5F2BD29BA1ADD004A08C0 /* AppDelegate.swift in Sources */,
				9DA5F2D529BA2001004A08C0 /* Movie.swift in Sources */,
				9DA5F2D929BA248A004A08C0 /* SearchResult.swift in Sources */,
				9DA5F2D729BA20EF004A08C0 /* Webservice.swift in Sources */,
				9DA5F2BF29BA1ADD004A08C0 /* SceneDelegate.swift in Sources */,
				9DA5F2DD29BA293F004A08C0 /* DetailViewModel.swift in Sources */,
			);
			runOnlyForDeploymentPostprocessing = 0;
		};
/* End PBXSourcesBuildPhase section */

/* Begin PBXVariantGroup section */
		9DA5F2C229BA1ADD004A08C0 /* Main.storyboard */ = {
			isa = PBXVariantGroup;
			children = (
				9DA5F2C329BA1ADD004A08C0 /* Base */,
			);
			name = Main.storyboard;
			sourceTree = "<group>";
		};
		9DA5F2C729BA1ADE004A08C0 /* LaunchScreen.storyboard */ = {
			isa = PBXVariantGroup;
			children = (
				9DA5F2C829BA1ADE004A08C0 /* Base */,
			);
			name = LaunchScreen.storyboard;
			sourceTree = "<group>";
		};
/* End PBXVariantGroup section */

/* Begin XCBuildConfiguration section */
		9DA5F2CB29BA1ADE004A08C0 /* Debug */ = {
			isa = XCBuildConfiguration;
			buildSettings = {
				ALWAYS_SEARCH_USER_PATHS = NO;
				CLANG_ANALYZER_NONNULL = YES;
				CLANG_ANALYZER_NUMBER_OBJECT_CONVERSION = YES_AGGRESSIVE;
				CLANG_CXX_LANGUAGE_STANDARD = "gnu++20";
				CLANG_ENABLE_MODULES = YES;
				CLANG_ENABLE_OBJC_ARC = YES;
				CLANG_ENABLE_OBJC_WEAK = YES;
				CLANG_WARN_BLOCK_CAPTURE_AUTORELEASING = YES;
				CLANG_WARN_BOOL_CONVERSION = YES;
				CLANG_WARN_COMMA = YES;
				CLANG_WARN_CONSTANT_CONVERSION = YES;
				CLANG_WARN_DEPRECATED_OBJC_IMPLEMENTATIONS = YES;
				CLANG_WARN_DIRECT_OBJC_ISA_USAGE = YES_ERROR;
				CLANG_WARN_DOCUMENTATION_COMMENTS = YES;
				CLANG_WARN_EMPTY_BODY = YES;
				CLANG_WARN_ENUM_CONVERSION = YES;
				CLANG_WARN_INFINITE_RECURSION = YES;
				CLANG_WARN_INT_CONVERSION = YES;
				CLANG_WARN_NON_LITERAL_NULL_CONVERSION = YES;
				CLANG_WARN_OBJC_IMPLICIT_RETAIN_SELF = YES;
				CLANG_WARN_OBJC_LITERAL_CONVERSION = YES;
				CLANG_WARN_OBJC_ROOT_CLASS = YES_ERROR;
				CLANG_WARN_QUOTED_INCLUDE_IN_FRAMEWORK_HEADER = YES;
				CLANG_WARN_RANGE_LOOP_ANALYSIS = YES;
				CLANG_WARN_STRICT_PROTOTYPES = YES;
				CLANG_WARN_SUSPICIOUS_MOVE = YES;
				CLANG_WARN_UNGUARDED_AVAILABILITY = YES_AGGRESSIVE;
				CLANG_WARN_UNREACHABLE_CODE = YES;
				CLANG_WARN__DUPLICATE_METHOD_MATCH = YES;
				COPY_PHASE_STRIP = NO;
				DEBUG_INFORMATION_FORMAT = dwarf;
				ENABLE_STRICT_OBJC_MSGSEND = YES;
				ENABLE_TESTABILITY = YES;
				GCC_C_LANGUAGE_STANDARD = gnu11;
				GCC_DYNAMIC_NO_PIC = NO;
				GCC_NO_COMMON_BLOCKS = YES;
				GCC_OPTIMIZATION_LEVEL = 0;
				GCC_PREPROCESSOR_DEFINITIONS = (
					"DEBUG=1",
					"$(inherited)",
				);
				GCC_WARN_64_TO_32_BIT_CONVERSION = YES;
				GCC_WARN_ABOUT_RETURN_TYPE = YES_ERROR;
				GCC_WARN_UNDECLARED_SELECTOR = YES;
				GCC_WARN_UNINITIALIZED_AUTOS = YES_AGGRESSIVE;
				GCC_WARN_UNUSED_FUNCTION = YES;
				GCC_WARN_UNUSED_VARIABLE = YES;
				IPHONEOS_DEPLOYMENT_TARGET = 16.2;
				MTL_ENABLE_DEBUG_INFO = INCLUDE_SOURCE;
				MTL_FAST_MATH = YES;
				ONLY_ACTIVE_ARCH = YES;
				SDKROOT = iphoneos;
				SWIFT_ACTIVE_COMPILATION_CONDITIONS = DEBUG;
				SWIFT_OPTIMIZATION_LEVEL = "-Onone";
			};
			name = Debug;
		};
		9DA5F2CC29BA1ADE004A08C0 /* Release */ = {
			isa = XCBuildConfiguration;
			buildSettings = {
				ALWAYS_SEARCH_USER_PATHS = NO;
				CLANG_ANALYZER_NONNULL = YES;
				CLANG_ANALYZER_NUMBER_OBJECT_CONVERSION = YES_AGGRESSIVE;
				CLANG_CXX_LANGUAGE_STANDARD = "gnu++20";
				CLANG_ENABLE_MODULES = YES;
				CLANG_ENABLE_OBJC_ARC = YES;
				CLANG_ENABLE_OBJC_WEAK = YES;
				CLANG_WARN_BLOCK_CAPTURE_AUTORELEASING = YES;
				CLANG_WARN_BOOL_CONVERSION = YES;
				CLANG_WARN_COMMA = YES;
				CLANG_WARN_CONSTANT_CONVERSION = YES;
				CLANG_WARN_DEPRECATED_OBJC_IMPLEMENTATIONS = YES;
				CLANG_WARN_DIRECT_OBJC_ISA_USAGE = YES_ERROR;
				CLANG_WARN_DOCUMENTATION_COMMENTS = YES;
				CLANG_WARN_EMPTY_BODY = YES;
				CLANG_WARN_ENUM_CONVERSION = YES;
				CLANG_WARN_INFINITE_RECURSION = YES;
				CLANG_WARN_INT_CONVERSION = YES;
				CLANG_WARN_NON_LITERAL_NULL_CONVERSION = YES;
				CLANG_WARN_OBJC_IMPLICIT_RETAIN_SELF = YES;
				CLANG_WARN_OBJC_LITERAL_CONVERSION = YES;
				CLANG_WARN_OBJC_ROOT_CLASS = YES_ERROR;
				CLANG_WARN_QUOTED_INCLUDE_IN_FRAMEWORK_HEADER = YES;
				CLANG_WARN_RANGE_LOOP_ANALYSIS = YES;
				CLANG_WARN_STRICT_PROTOTYPES = YES;
				CLANG_WARN_SUSPICIOUS_MOVE = YES;
				CLANG_WARN_UNGUARDED_AVAILABILITY = YES_AGGRESSIVE;
				CLANG_WARN_UNREACHABLE_CODE = YES;
				CLANG_WARN__DUPLICATE_METHOD_MATCH = YES;
				COPY_PHASE_STRIP = NO;
				DEBUG_INFORMATION_FORMAT = "dwarf-with-dsym";
				ENABLE_NS_ASSERTIONS = NO;
				ENABLE_STRICT_OBJC_MSGSEND = YES;
				GCC_C_LANGUAGE_STANDARD = gnu11;
				GCC_NO_COMMON_BLOCKS = YES;
				GCC_WARN_64_TO_32_BIT_CONVERSION = YES;
				GCC_WARN_ABOUT_RETURN_TYPE = YES_ERROR;
				GCC_WARN_UNDECLARED_SELECTOR = YES;
				GCC_WARN_UNINITIALIZED_AUTOS = YES_AGGRESSIVE;
				GCC_WARN_UNUSED_FUNCTION = YES;
				GCC_WARN_UNUSED_VARIABLE = YES;
				IPHONEOS_DEPLOYMENT_TARGET = 16.2;
				MTL_ENABLE_DEBUG_INFO = NO;
				MTL_FAST_MATH = YES;
				SDKROOT = iphoneos;
				SWIFT_COMPILATION_MODE = wholemodule;
				SWIFT_OPTIMIZATION_LEVEL = "-O";
				VALIDATE_PRODUCT = YES;
			};
			name = Release;
		};
		9DA5F2CE29BA1ADE004A08C0 /* Debug */ = {
			isa = XCBuildConfiguration;
			baseConfigurationReference = 0401A1D1C9EF0D65D86A8307 /* Pods-MovieApp.debug.xcconfig */;
			buildSettings = {
				ASSETCATALOG_COMPILER_APPICON_NAME = AppIcon;
				ASSETCATALOG_COMPILER_GLOBAL_ACCENT_COLOR_NAME = AccentColor;
				CODE_SIGN_STYLE = Automatic;
				CURRENT_PROJECT_VERSION = 1;
				GENERATE_INFOPLIST_FILE = YES;
				INFOPLIST_FILE = MovieApp/Info.plist;
				INFOPLIST_KEY_UIApplicationSupportsIndirectInputEvents = YES;
				INFOPLIST_KEY_UILaunchStoryboardName = LaunchScreen;
				INFOPLIST_KEY_UIMainStoryboardFile = Main;
				INFOPLIST_KEY_UISupportedInterfaceOrientations_iPad = "UIInterfaceOrientationPortrait UIInterfaceOrientationPortraitUpsideDown UIInterfaceOrientationLandscapeLeft UIInterfaceOrientationLandscapeRight";
				INFOPLIST_KEY_UISupportedInterfaceOrientations_iPhone = "UIInterfaceOrientationPortrait UIInterfaceOrientationLandscapeLeft UIInterfaceOrientationLandscapeRight";
				LD_RUNPATH_SEARCH_PATHS = (
					"$(inherited)",
					"@executable_path/Frameworks",
				);
				MARKETING_VERSION = 1.0;
				PRODUCT_BUNDLE_IDENTIFIER = com.teamone.MovieApp;
				PRODUCT_NAME = "$(TARGET_NAME)";
				SWIFT_EMIT_LOC_STRINGS = YES;
				SWIFT_VERSION = 5.0;
				TARGETED_DEVICE_FAMILY = "1,2";
			};
			name = Debug;
		};
		9DA5F2CF29BA1ADE004A08C0 /* Release */ = {
			isa = XCBuildConfiguration;
			baseConfigurationReference = 9A9A59564A808057FFEFCBDC /* Pods-MovieApp.release.xcconfig */;
			buildSettings = {
				ASSETCATALOG_COMPILER_APPICON_NAME = AppIcon;
				ASSETCATALOG_COMPILER_GLOBAL_ACCENT_COLOR_NAME = AccentColor;
				CODE_SIGN_STYLE = Automatic;
				CURRENT_PROJECT_VERSION = 1;
				GENERATE_INFOPLIST_FILE = YES;
				INFOPLIST_FILE = MovieApp/Info.plist;
				INFOPLIST_KEY_UIApplicationSupportsIndirectInputEvents = YES;
				INFOPLIST_KEY_UILaunchStoryboardName = LaunchScreen;
				INFOPLIST_KEY_UIMainStoryboardFile = Main;
				INFOPLIST_KEY_UISupportedInterfaceOrientations_iPad = "UIInterfaceOrientationPortrait UIInterfaceOrientationPortraitUpsideDown UIInterfaceOrientationLandscapeLeft UIInterfaceOrientationLandscapeRight";
				INFOPLIST_KEY_UISupportedInterfaceOrientations_iPhone = "UIInterfaceOrientationPortrait UIInterfaceOrientationLandscapeLeft UIInterfaceOrientationLandscapeRight";
				LD_RUNPATH_SEARCH_PATHS = (
					"$(inherited)",
					"@executable_path/Frameworks",
				);
				MARKETING_VERSION = 1.0;
				PRODUCT_BUNDLE_IDENTIFIER = com.teamone.MovieApp;
				PRODUCT_NAME = "$(TARGET_NAME)";
				SWIFT_EMIT_LOC_STRINGS = YES;
				SWIFT_VERSION = 5.0;
				TARGETED_DEVICE_FAMILY = "1,2";
			};
			name = Release;
		};
/* End XCBuildConfiguration section */

/* Begin XCConfigurationList section */
		9DA5F2B429BA1ADD004A08C0 /* Build configuration list for PBXProject "MovieApp" */ = {
			isa = XCConfigurationList;
			buildConfigurations = (
				9DA5F2CB29BA1ADE004A08C0 /* Debug */,
				9DA5F2CC29BA1ADE004A08C0 /* Release */,
			);
			defaultConfigurationIsVisible = 0;
			defaultConfigurationName = Release;
		};
		9DA5F2CD29BA1ADE004A08C0 /* Build configuration list for PBXNativeTarget "MovieApp" */ = {
			isa = XCConfigurationList;
			buildConfigurations = (
				9DA5F2CE29BA1ADE004A08C0 /* Debug */,
				9DA5F2CF29BA1ADE004A08C0 /* Release */,
			);
			defaultConfigurationIsVisible = 0;
			defaultConfigurationName = Release;
		};
/* End XCConfigurationList section */
	};
	rootObject = 9DA5F2B129BA1ADD004A08C0 /* Project object */;
}
